
Microsoft Visual Studio Solution File, Format Version 12.00
# Visual Studio Version 16
VisualStudioVersion = 16.0.29324.140
MinimumVisualStudioVersion = 10.0.40219.1
Project("{FAE04EC0-301F-11D3-BF4B-00C04F79EFBC}") = "ROR2ModManager", "ROR2ModManager\ROR2ModManager.csproj", "{D1153BD7-D045-49CA-99E9-6B0E58B0444E}"
EndProject
Project("{C7167F0D-BC9F-4E6E-AFE1-012C56B48DB5}") = "Forecast", "RoR2ModMan\Forecast.wapproj", "{15A3B4C4-7E12-4DA2-BD79-16B920CEFA93}"
EndProject
Project("{D954291E-2A0B-460D-934E-DC6B0785DB48}") = "UWPTools", "UWPTools\UWPTools.shproj", "{3C666D1A-70F3-4CF1-AFC6-E55BFCFBB23A}"
EndProject
Global
	GlobalSection(SharedMSBuildProjectFiles) = preSolution
		UWPTools\UWPTools.projitems*{3c666d1a-70f3-4cf1-afc6-e55bfcfbb23a}*SharedItemsImports = 13
		UWPTools\UWPTools.projitems*{d1153bd7-d045-49ca-99e9-6b0e58b0444e}*SharedItemsImports = 4
	EndGlobalSection
	GlobalSection(SolutionConfigurationPlatforms) = preSolution
		Debug|Any CPU = Debug|Any CPU
		Debug|ARM = Debug|ARM
		Debug|ARM64 = Debug|ARM64
		Debug|x64 = Debug|x64
		Debug|x86 = Debug|x86
		Release|Any CPU = Release|Any CPU
		Release|ARM = Release|ARM
		Release|ARM64 = Release|ARM64
		Release|x64 = Release|x64
		Release|x86 = Release|x86
	EndGlobalSection
	GlobalSection(ProjectConfigurationPlatforms) = postSolution
		{D1153BD7-D045-49CA-99E9-6B0E58B0444E}.Debug|Any CPU.ActiveCfg = Debug|x86
		{D1153BD7-D045-49CA-99E9-6B0E58B0444E}.Debug|ARM.ActiveCfg = Debug|ARM
		{D1153BD7-D045-49CA-99E9-6B0E58B0444E}.Debug|ARM.Build.0 = Debug|ARM
		{D1153BD7-D045-49CA-99E9-6B0E58B0444E}.Debug|ARM.Deploy.0 = Debug|ARM
		{D1153BD7-D045-49CA-99E9-6B0E58B0444E}.Debug|ARM64.ActiveCfg = Debug|ARM64
		{D1153BD7-D045-49CA-99E9-6B0E58B0444E}.Debug|ARM64.Build.0 = Debug|ARM64
		{D1153BD7-D045-49CA-99E9-6B0E58B0444E}.Debug|ARM64.Deploy.0 = Debug|ARM64
		{D1153BD7-D045-49CA-99E9-6B0E58B0444E}.Debug|x64.ActiveCfg = Debug|x64
		{D1153BD7-D045-49CA-99E9-6B0E58B0444E}.Debug|x64.Build.0 = Debug|x64
		{D1153BD7-D045-49CA-99E9-6B0E58B0444E}.Debug|x64.Deploy.0 = Debug|x64
		{D1153BD7-D045-49CA-99E9-6B0E58B0444E}.Debug|x86.ActiveCfg = Debug|x86
		{D1153BD7-D045-49CA-99E9-6B0E58B0444E}.Debug|x86.Build.0 = Debug|x86
		{D1153BD7-D045-49CA-99E9-6B0E58B0444E}.Release|Any CPU.ActiveCfg = Release|x86
		{D1153BD7-D045-49CA-99E9-6B0E58B0444E}.Release|ARM.ActiveCfg = Release|ARM
		{D1153BD7-D045-49CA-99E9-6B0E58B0444E}.Release|ARM.Build.0 = Release|ARM
		{D1153BD7-D045-49CA-99E9-6B0E58B0444E}.Release|ARM.Deploy.0 = Release|ARM
		{D1153BD7-D045-49CA-99E9-6B0E58B0444E}.Release|ARM64.ActiveCfg = Release|ARM64
		{D1153BD7-D045-49CA-99E9-6B0E58B0444E}.Release|ARM64.Build.0 = Release|ARM64
		{D1153BD7-D045-49CA-99E9-6B0E58B0444E}.Release|ARM64.Deploy.0 = Release|ARM64
		{D1153BD7-D045-49CA-99E9-6B0E58B0444E}.Release|x64.ActiveCfg = Release|x64
		{D1153BD7-D045-49CA-99E9-6B0E58B0444E}.Release|x64.Build.0 = Release|x64
		{D1153BD7-D045-49CA-99E9-6B0E58B0444E}.Release|x64.Deploy.0 = Release|x64
		{D1153BD7-D045-49CA-99E9-6B0E58B0444E}.Release|x86.ActiveCfg = Release|x86
		{D1153BD7-D045-49CA-99E9-6B0E58B0444E}.Release|x86.Build.0 = Release|x86
		{D1153BD7-D045-49CA-99E9-6B0E58B0444E}.Release|x86.Deploy.0 = Release|x86
		{15A3B4C4-7E12-4DA2-BD79-16B920CEFA93}.Debug|Any CPU.ActiveCfg = Debug|Any CPU
		{15A3B4C4-7E12-4DA2-BD79-16B920CEFA93}.Debug|Any CPU.Build.0 = Debug|Any CPU
		{15A3B4C4-7E12-4DA2-BD79-16B920CEFA93}.Debug|Any CPU.Deploy.0 = Debug|Any CPU
		{15A3B4C4-7E12-4DA2-BD79-16B920CEFA93}.Debug|ARM.ActiveCfg = Debug|ARM
		{15A3B4C4-7E12-4DA2-BD79-16B920CEFA93}.Debug|ARM.Build.0 = Debug|ARM
		{15A3B4C4-7E12-4DA2-BD79-16B920CEFA93}.Debug|ARM.Deploy.0 = Debug|ARM
		{15A3B4C4-7E12-4DA2-BD79-16B920CEFA93}.Debug|ARM64.ActiveCfg = Debug|ARM64
		{15A3B4C4-7E12-4DA2-BD79-16B920CEFA93}.Debug|ARM64.Build.0 = Debug|ARM64
		{15A3B4C4-7E12-4DA2-BD79-16B920CEFA93}.Debug|ARM64.Deploy.0 = Debug|ARM64
		{15A3B4C4-7E12-4DA2-BD79-16B920CEFA93}.Debug|x64.ActiveCfg = Debug|x64
		{15A3B4C4-7E12-4DA2-BD79-16B920CEFA93}.Debug|x64.Build.0 = Debug|x64
		{15A3B4C4-7E12-4DA2-BD79-16B920CEFA93}.Debug|x64.Deploy.0 = Debug|x64
		{15A3B4C4-7E12-4DA2-BD79-16B920CEFA93}.Debug|x86.ActiveCfg = Debug|x86
		{15A3B4C4-7E12-4DA2-BD79-16B920CEFA93}.Debug|x86.Build.0 = Debug|x86
		{15A3B4C4-7E12-4DA2-BD79-16B920CEFA93}.Debug|x86.Deploy.0 = Debug|x86
		{15A3B4C4-7E12-4DA2-BD79-16B920CEFA93}.Release|Any CPU.ActiveCfg = Release|Any CPU
		{15A3B4C4-7E12-4DA2-BD79-16B920CEFA93}.Release|Any CPU.Build.0 = Release|Any CPU
		{15A3B4C4-7E12-4DA2-BD79-16B920CEFA93}.Release|Any CPU.Deploy.0 = Release|Any CPU
		{15A3B4C4-7E12-4DA2-BD79-16B920CEFA93}.Release|ARM.ActiveCfg = Release|ARM
		{15A3B4C4-7E12-4DA2-BD79-16B920CEFA93}.Release|ARM.Build.0 = Release|ARM
		{15A3B4C4-7E12-4DA2-BD79-16B920CEFA93}.Release|ARM.Deploy.0 = Release|ARM
		{15A3B4C4-7E12-4DA2-BD79-16B920CEFA93}.Release|ARM64.ActiveCfg = Release|ARM64
		{15A3B4C4-7E12-4DA2-BD79-16B920CEFA93}.Release|ARM64.Build.0 = Release|ARM64
		{15A3B4C4-7E12-4DA2-BD79-16B920CEFA93}.Release|ARM64.Deploy.0 = Release|ARM64
		{15A3B4C4-7E12-4DA2-BD79-16B920CEFA93}.Release|x64.ActiveCfg = Release|x64
		{15A3B4C4-7E12-4DA2-BD79-16B920CEFA93}.Release|x64.Build.0 = Release|x64
		{15A3B4C4-7E12-4DA2-BD79-16B920CEFA93}.Release|x64.Deploy.0 = Release|x64
		{15A3B4C4-7E12-4DA2-BD79-16B920CEFA93}.Release|x86.ActiveCfg = Release|x86
		{15A3B4C4-7E12-4DA2-BD79-16B920CEFA93}.Release|x86.Build.0 = Release|x86
		{15A3B4C4-7E12-4DA2-BD79-16B920CEFA93}.Release|x86.Deploy.0 = Release|x86
	EndGlobalSection
	GlobalSection(SolutionProperties) = preSolution
		HideSolutionNode = FALSE
	EndGlobalSection
	GlobalSection(ExtensibilityGlobals) = postSolution
		SolutionGuid = {7147361F-25D7-45A8-84EC-56D43B76797F}
	EndGlobalSection
EndGlobal
